
Microsoft Visual Studio Solution File, Format Version 12.00
# Visual Studio Version 16
VisualStudioVersion = 16.0.28527.54
MinimumVisualStudioVersion = 10.0.40219.1
Project("{CC5FD16D-436D-48AD-A40C-5A424C6E3E79}") = "HelloWorld", "HelloWorld\HelloWorld.ccproj", "{F968D9AE-662E-4948-8F64-D4988E4E46C9}"
EndProject
Project("{FAE04EC0-301F-11D3-BF4B-00C04F79EFBC}") = "HelloWorld.Web", "WebRole1\HelloWorld.Web.csproj", "{40F7BE9A-401B-4E36-A284-57F99AB6D076}"
EndProject
Global
	GlobalSection(SolutionConfigurationPlatforms) = preSolution
		Debug|Any CPU = Debug|Any CPU
		Release|Any CPU = Release|Any CPU
	EndGlobalSection
	GlobalSection(ProjectConfigurationPlatforms) = postSolution
		{F968D9AE-662E-4948-8F64-D4988E4E46C9}.Debug|Any CPU.ActiveCfg = Debug|Any CPU
		{F968D9AE-662E-4948-8F64-D4988E4E46C9}.Debug|Any CPU.Build.0 = Debug|Any CPU
		{F968D9AE-662E-4948-8F64-D4988E4E46C9}.Release|Any CPU.ActiveCfg = Release|Any CPU
		{F968D9AE-662E-4948-8F64-D4988E4E46C9}.Release|Any CPU.Build.0 = Release|Any CPU
		{40F7BE9A-401B-4E36-A284-57F99AB6D076}.Debug|Any CPU.ActiveCfg = Debug|Any CPU
		{40F7BE9A-401B-4E36-A284-57F99AB6D076}.Debug|Any CPU.Build.0 = Debug|Any CPU
		{40F7BE9A-401B-4E36-A284-57F99AB6D076}.Release|Any CPU.ActiveCfg = Release|Any CPU
		{40F7BE9A-401B-4E36-A284-57F99AB6D076}.Release|Any CPU.Build.0 = Release|Any CPU
	EndGlobalSection
	GlobalSection(SolutionProperties) = preSolution
		HideSolutionNode = FALSE
	EndGlobalSection
	GlobalSection(ExtensibilityGlobals) = postSolution
		SolutionGuid = {E45214D3-F8CC-46C1-AC8E-77CF8939692B}
	EndGlobalSection
EndGlobal
